
Microsoft Visual Studio Solution File, Format Version 12.00
# Visual Studio Version 16
VisualStudioVersion = 16.0.30204.135
MinimumVisualStudioVersion = 10.0.40219.1
Project("{FAE04EC0-301F-11D3-BF4B-00C04F79EFBC}") = "PiConSetup", "PiConSetup\PiConSetup.csproj", "{8A6AA92D-EEEA-4571-9BCB-B0B0D4038939}"
EndProject
Global
	GlobalSection(SolutionConfigurationPlatforms) = preSolution
		Debug|Any CPU = Debug|Any CPU
		Release|Any CPU = Release|Any CPU
	EndGlobalSection
	GlobalSection(ProjectConfigurationPlatforms) = postSolution
		{8A6AA92D-EEEA-4571-9BCB-B0B0D4038939}.Debug|Any CPU.ActiveCfg = Debug|Any CPU
		{8A6AA92D-EEEA-4571-9BCB-B0B0D4038939}.Debug|Any CPU.Build.0 = Debug|Any CPU
		{8A6AA92D-EEEA-4571-9BCB-B0B0D4038939}.Release|Any CPU.ActiveCfg = Release|Any CPU
		{8A6AA92D-EEEA-4571-9BCB-B0B0D4038939}.Release|Any CPU.Build.0 = Release|Any CPU
	EndGlobalSection
	GlobalSection(SolutionProperties) = preSolution
		HideSolutionNode = FALSE
	EndGlobalSection
	GlobalSection(ExtensibilityGlobals) = postSolution
		SolutionGuid = {9A2A4CC0-3D76-4B6E-B112-CF38840207FB}
	EndGlobalSection
EndGlobal
